
Microsoft Visual Studio Solution File, Format Version 12.00
# Visual Studio Version 17
VisualStudioVersion = 17.8.34601.278
MinimumVisualStudioVersion = 10.0.40219.1
Project("{FAE04EC0-301F-11D3-BF4B-00C04F79EFBC}") = "M35_Manager", "M35_Manager\M35_Manager.csproj", "{CC150045-9D5F-4AB0-9286-76348EBB3730}"
EndProject
Global
	GlobalSection(SolutionConfigurationPlatforms) = preSolution
		Debug|Any CPU = Debug|Any CPU
		Release|Any CPU = Release|Any CPU
	EndGlobalSection
	GlobalSection(ProjectConfigurationPlatforms) = postSolution
		{CC150045-9D5F-4AB0-9286-76348EBB3730}.Debug|Any CPU.ActiveCfg = Debug|Any CPU
		{CC150045-9D5F-4AB0-9286-76348EBB3730}.Debug|Any CPU.Build.0 = Debug|Any CPU
		{CC150045-9D5F-4AB0-9286-76348EBB3730}.Release|Any CPU.ActiveCfg = Release|Any CPU
		{CC150045-9D5F-4AB0-9286-76348EBB3730}.Release|Any CPU.Build.0 = Release|Any CPU
	EndGlobalSection
	GlobalSection(SolutionProperties) = preSolution
		HideSolutionNode = FALSE
	EndGlobalSection
	GlobalSection(ExtensibilityGlobals) = postSolution
		SolutionGuid = {5AC2EBD5-65E7-4B3D-A07C-39892E6AE719}
	EndGlobalSection
EndGlobal
